
Microsoft Visual Studio Solution File, Format Version 12.00
# Visual Studio Version 16
VisualStudioVersion = 16.0.31702.278
MinimumVisualStudioVersion = 10.0.40219.1
Project("{FAE04EC0-301F-11D3-BF4B-00C04F79EFBC}") = "Imagen", "Imagen\Imagen.csproj", "{6A5894C9-D494-4314-A352-DB9355529556}"
EndProject
Global
	GlobalSection(SolutionConfigurationPlatforms) = preSolution
		Debug|Any CPU = Debug|Any CPU
		Release|Any CPU = Release|Any CPU
	EndGlobalSection
	GlobalSection(ProjectConfigurationPlatforms) = postSolution
		{6A5894C9-D494-4314-A352-DB9355529556}.Debug|Any CPU.ActiveCfg = Debug|Any CPU
		{6A5894C9-D494-4314-A352-DB9355529556}.Debug|Any CPU.Build.0 = Debug|Any CPU
		{6A5894C9-D494-4314-A352-DB9355529556}.Release|Any CPU.ActiveCfg = Release|Any CPU
		{6A5894C9-D494-4314-A352-DB9355529556}.Release|Any CPU.Build.0 = Release|Any CPU
	EndGlobalSection
	GlobalSection(SolutionProperties) = preSolution
		HideSolutionNode = FALSE
	EndGlobalSection
	GlobalSection(ExtensibilityGlobals) = postSolution
		SolutionGuid = {4B3C1B2F-1F88-49F5-84B9-832848393688}
	EndGlobalSection
EndGlobal
